
Microsoft Visual Studio Solution File, Format Version 12.00
# Visual Studio 15
VisualStudioVersion = 15.0.28307.705
MinimumVisualStudioVersion = 10.0.40219.1
Project("{FAE04EC0-301F-11D3-BF4B-00C04F79EFBC}") = "Web.AppBack", "Web.AppBack\Web.AppBack.csproj", "{779B86ED-7304-4BE6-B1D5-0430F57E4529}"
EndProject
Project("{FAE04EC0-301F-11D3-BF4B-00C04F79EFBC}") = "Web.Entities", "Web.Entities\Web.Entities.csproj", "{32D68311-F55A-4877-A099-B444A7D7A0A3}"
EndProject
Global
	GlobalSection(SolutionConfigurationPlatforms) = preSolution
		Debug|Any CPU = Debug|Any CPU
		Release|Any CPU = Release|Any CPU
	EndGlobalSection
	GlobalSection(ProjectConfigurationPlatforms) = postSolution
		{779B86ED-7304-4BE6-B1D5-0430F57E4529}.Debug|Any CPU.ActiveCfg = Debug|Any CPU
		{779B86ED-7304-4BE6-B1D5-0430F57E4529}.Debug|Any CPU.Build.0 = Debug|Any CPU
		{779B86ED-7304-4BE6-B1D5-0430F57E4529}.Release|Any CPU.ActiveCfg = Release|Any CPU
		{779B86ED-7304-4BE6-B1D5-0430F57E4529}.Release|Any CPU.Build.0 = Release|Any CPU
		{32D68311-F55A-4877-A099-B444A7D7A0A3}.Debug|Any CPU.ActiveCfg = Debug|Any CPU
		{32D68311-F55A-4877-A099-B444A7D7A0A3}.Debug|Any CPU.Build.0 = Debug|Any CPU
		{32D68311-F55A-4877-A099-B444A7D7A0A3}.Release|Any CPU.ActiveCfg = Release|Any CPU
		{32D68311-F55A-4877-A099-B444A7D7A0A3}.Release|Any CPU.Build.0 = Release|Any CPU
	EndGlobalSection
	GlobalSection(SolutionProperties) = preSolution
		HideSolutionNode = FALSE
	EndGlobalSection
	GlobalSection(ExtensibilityGlobals) = postSolution
		SolutionGuid = {B477FD2D-8784-4D8B-AFC0-7907FB724016}
	EndGlobalSection
EndGlobal
